
Microsoft Visual Studio Solution File, Format Version 12.00
# Visual Studio Version 17
VisualStudioVersion = 17.1.32407.343
MinimumVisualStudioVersion = 10.0.40219.1
Project("{FAE04EC0-301F-11D3-BF4B-00C04F79EFBC}") = "TechnoBlogProject", "TechnoBlogProject\TechnoBlogProject.csproj", "{5C373BEC-3FE6-4837-AD29-AD49C735C43D}"
EndProject
Project("{FAE04EC0-301F-11D3-BF4B-00C04F79EFBC}") = "Entity", "Entity\Entity.csproj", "{891AD164-E172-4726-A49E-2607BADFE3FD}"
EndProject
Project("{FAE04EC0-301F-11D3-BF4B-00C04F79EFBC}") = "DataAccess", "DataAccess\DataAccess.csproj", "{8F85DCAB-483C-4820-BBD3-F96CA76EBA84}"
EndProject
Project("{FAE04EC0-301F-11D3-BF4B-00C04F79EFBC}") = "Core", "Core\Core.csproj", "{7D17AAA9-C571-4A71-B217-A89500F8ECBB}"
EndProject
Project("{FAE04EC0-301F-11D3-BF4B-00C04F79EFBC}") = "Business", "Business\Business.csproj", "{05F4E296-9C2F-4561-9CEA-7AE1735C8E1D}"
EndProject
Global
	GlobalSection(SolutionConfigurationPlatforms) = preSolution
		Debug|Any CPU = Debug|Any CPU
		Release|Any CPU = Release|Any CPU
	EndGlobalSection
	GlobalSection(ProjectConfigurationPlatforms) = postSolution
		{5C373BEC-3FE6-4837-AD29-AD49C735C43D}.Debug|Any CPU.ActiveCfg = Debug|Any CPU
		{5C373BEC-3FE6-4837-AD29-AD49C735C43D}.Debug|Any CPU.Build.0 = Debug|Any CPU
		{5C373BEC-3FE6-4837-AD29-AD49C735C43D}.Release|Any CPU.ActiveCfg = Release|Any CPU
		{5C373BEC-3FE6-4837-AD29-AD49C735C43D}.Release|Any CPU.Build.0 = Release|Any CPU
		{891AD164-E172-4726-A49E-2607BADFE3FD}.Debug|Any CPU.ActiveCfg = Debug|Any CPU
		{891AD164-E172-4726-A49E-2607BADFE3FD}.Debug|Any CPU.Build.0 = Debug|Any CPU
		{891AD164-E172-4726-A49E-2607BADFE3FD}.Release|Any CPU.ActiveCfg = Release|Any CPU
		{891AD164-E172-4726-A49E-2607BADFE3FD}.Release|Any CPU.Build.0 = Release|Any CPU
		{8F85DCAB-483C-4820-BBD3-F96CA76EBA84}.Debug|Any CPU.ActiveCfg = Debug|Any CPU
		{8F85DCAB-483C-4820-BBD3-F96CA76EBA84}.Debug|Any CPU.Build.0 = Debug|Any CPU
		{8F85DCAB-483C-4820-BBD3-F96CA76EBA84}.Release|Any CPU.ActiveCfg = Release|Any CPU
		{8F85DCAB-483C-4820-BBD3-F96CA76EBA84}.Release|Any CPU.Build.0 = Release|Any CPU
		{7D17AAA9-C571-4A71-B217-A89500F8ECBB}.Debug|Any CPU.ActiveCfg = Debug|Any CPU
		{7D17AAA9-C571-4A71-B217-A89500F8ECBB}.Debug|Any CPU.Build.0 = Debug|Any CPU
		{7D17AAA9-C571-4A71-B217-A89500F8ECBB}.Release|Any CPU.ActiveCfg = Release|Any CPU
		{7D17AAA9-C571-4A71-B217-A89500F8ECBB}.Release|Any CPU.Build.0 = Release|Any CPU
		{05F4E296-9C2F-4561-9CEA-7AE1735C8E1D}.Debug|Any CPU.ActiveCfg = Debug|Any CPU
		{05F4E296-9C2F-4561-9CEA-7AE1735C8E1D}.Debug|Any CPU.Build.0 = Debug|Any CPU
		{05F4E296-9C2F-4561-9CEA-7AE1735C8E1D}.Release|Any CPU.ActiveCfg = Release|Any CPU
		{05F4E296-9C2F-4561-9CEA-7AE1735C8E1D}.Release|Any CPU.Build.0 = Release|Any CPU
	EndGlobalSection
	GlobalSection(SolutionProperties) = preSolution
		HideSolutionNode = FALSE
	EndGlobalSection
	GlobalSection(ExtensibilityGlobals) = postSolution
		SolutionGuid = {21948B85-F4E1-4293-954C-D42B4985DE57}
	EndGlobalSection
EndGlobal
